
Microsoft Visual Studio Solution File, Format Version 12.00
# Visual Studio Version 16
VisualStudioVersion = 16.0.30907.101
MinimumVisualStudioVersion = 10.0.40219.1
Project("{F184B08F-C81C-45F6-A57F-5ABD9991F28F}") = "tarea6_2022", "tarea6_2022\tarea6_2022.vbproj", "{BDB16701-5A25-4548-BC55-63C6FBA32803}"
EndProject
Global
	GlobalSection(SolutionConfigurationPlatforms) = preSolution
		Debug|Any CPU = Debug|Any CPU
		Release|Any CPU = Release|Any CPU
	EndGlobalSection
	GlobalSection(ProjectConfigurationPlatforms) = postSolution
		{BDB16701-5A25-4548-BC55-63C6FBA32803}.Debug|Any CPU.ActiveCfg = Debug|Any CPU
		{BDB16701-5A25-4548-BC55-63C6FBA32803}.Debug|Any CPU.Build.0 = Debug|Any CPU
		{BDB16701-5A25-4548-BC55-63C6FBA32803}.Release|Any CPU.ActiveCfg = Release|Any CPU
		{BDB16701-5A25-4548-BC55-63C6FBA32803}.Release|Any CPU.Build.0 = Release|Any CPU
	EndGlobalSection
	GlobalSection(SolutionProperties) = preSolution
		HideSolutionNode = FALSE
	EndGlobalSection
	GlobalSection(ExtensibilityGlobals) = postSolution
		SolutionGuid = {C6570BF1-CFE5-44C3-93BD-51E9CDB61D10}
	EndGlobalSection
EndGlobal
